
Microsoft Visual Studio Solution File, Format Version 12.00
# Visual Studio Version 17
VisualStudioVersion = 17.1.32319.34
MinimumVisualStudioVersion = 10.0.40219.1
Project("{FAE04EC0-301F-11D3-BF4B-00C04F79EFBC}") = "Project", "Project.csproj", "{E3BA51FE-74D0-4EB8-A106-63A9AA711D96}"
EndProject
Global
	GlobalSection(SolutionConfigurationPlatforms) = preSolution
		Debug|Any CPU = Debug|Any CPU
		Release|Any CPU = Release|Any CPU
	EndGlobalSection
	GlobalSection(ProjectConfigurationPlatforms) = postSolution
		{E3BA51FE-74D0-4EB8-A106-63A9AA711D96}.Debug|Any CPU.ActiveCfg = Debug|Any CPU
		{E3BA51FE-74D0-4EB8-A106-63A9AA711D96}.Debug|Any CPU.Build.0 = Debug|Any CPU
		{E3BA51FE-74D0-4EB8-A106-63A9AA711D96}.Release|Any CPU.ActiveCfg = Release|Any CPU
		{E3BA51FE-74D0-4EB8-A106-63A9AA711D96}.Release|Any CPU.Build.0 = Release|Any CPU
	EndGlobalSection
	GlobalSection(SolutionProperties) = preSolution
		HideSolutionNode = FALSE
	EndGlobalSection
	GlobalSection(ExtensibilityGlobals) = postSolution
		SolutionGuid = {1883EF83-350C-480F-8ABC-D53C0B8AE156}
	EndGlobalSection
EndGlobal
